
Microsoft Visual Studio Solution File, Format Version 12.00
# Visual Studio Version 17
VisualStudioVersion = 17.3.32519.111
MinimumVisualStudioVersion = 10.0.40219.1
Project("{FAE04EC0-301F-11D3-BF4B-00C04F79EFBC}") = "Home Assistant Taskbar Menu", "Home Assistant Taskbar Menu\Home Assistant Taskbar Menu.csproj", "{B49305F6-8A11-43D6-AD36-864C95D4F015}"
EndProject
Global
	GlobalSection(SolutionConfigurationPlatforms) = preSolution
		Debug|Any CPU = Debug|Any CPU
		Debug|x64 = Debug|x64
		Debug|x86 = Debug|x86
		Release|Any CPU = Release|Any CPU
		Release|x64 = Release|x64
		Release|x86 = Release|x86
	EndGlobalSection
	GlobalSection(ProjectConfigurationPlatforms) = postSolution
		{B49305F6-8A11-43D6-AD36-864C95D4F015}.Debug|Any CPU.ActiveCfg = Debug|Any CPU
		{B49305F6-8A11-43D6-AD36-864C95D4F015}.Debug|Any CPU.Build.0 = Debug|Any CPU
		{B49305F6-8A11-43D6-AD36-864C95D4F015}.Debug|x64.ActiveCfg = Debug|x64
		{B49305F6-8A11-43D6-AD36-864C95D4F015}.Debug|x64.Build.0 = Debug|x64
		{B49305F6-8A11-43D6-AD36-864C95D4F015}.Debug|x86.ActiveCfg = Debug|x86
		{B49305F6-8A11-43D6-AD36-864C95D4F015}.Debug|x86.Build.0 = Debug|x86
		{B49305F6-8A11-43D6-AD36-864C95D4F015}.Release|Any CPU.ActiveCfg = Release|Any CPU
		{B49305F6-8A11-43D6-AD36-864C95D4F015}.Release|Any CPU.Build.0 = Release|Any CPU
		{B49305F6-8A11-43D6-AD36-864C95D4F015}.Release|x64.ActiveCfg = Release|x64
		{B49305F6-8A11-43D6-AD36-864C95D4F015}.Release|x64.Build.0 = Release|x64
		{B49305F6-8A11-43D6-AD36-864C95D4F015}.Release|x86.ActiveCfg = Release|x86
		{B49305F6-8A11-43D6-AD36-864C95D4F015}.Release|x86.Build.0 = Release|x86
	EndGlobalSection
	GlobalSection(SolutionProperties) = preSolution
		HideSolutionNode = FALSE
	EndGlobalSection
	GlobalSection(ExtensibilityGlobals) = postSolution
		SolutionGuid = {4840496F-2F22-4CDB-BCAD-CDB9F36F3313}
	EndGlobalSection
EndGlobal
